dependencies:
- name: rabbitmq
  repository: https://raw.githubusercontent.com/bitnami/charts/archive-full-index/bitnami
  version: 6.28.1
- name: betydb
  repository: https://opensource.ncsa.illinois.edu/charts/
  version: 0.5.4
digest: sha256:2aef8e70be5b2682f83528600e97440c1f9cd743dbf9f7ced60185e8d1ce7deb
generated: "2024-05-31T13:39:26.391288314-06:00"
