dependencies:
- name: rabbitmq
  repository: oci://registry-1.docker.io/bitnamicharts
  version: 14.1.5
- name: betydb
  repository: https://opensource.ncsa.illinois.edu/charts/
  version: 0.5.4
digest: sha256:b9272fd065cc98fbd249264299119eda3e34e4ca7549321d4abdc5ee1cb0617b
generated: "2024-05-20T22:01:23.656373228Z"
